
Microsoft Visual Studio Solution File, Format Version 11.00
# Visual Studio 2010
Project("{FAE04EC0-301F-11D3-BF4B-00C04F79EFBC}") = "Assembly-CSharp", "Assembly-CSharp.csproj", "{55296255-4210-65fc-54d8-fbd2f50a9325}"
EndProject
Project("{FAE04EC0-301F-11D3-BF4B-00C04F79EFBC}") = "Unity.XR.Interaction.Toolkit.Samples.StarterAssets", "Unity.XR.Interaction.Toolkit.Samples.StarterAssets.csproj", "{009ee247-ba95-94a1-dc09-ac5881afa457}"
EndProject
Project("{FAE04EC0-301F-11D3-BF4B-00C04F79EFBC}") = "Unity.XR.Interaction.Toolkit.Samples.DeviceSimulator", "Unity.XR.Interaction.Toolkit.Samples.DeviceSimulator.csproj", "{55007b17-cdfd-dda5-37cf-eb087300e1fa}"
EndProject
Project("{FAE04EC0-301F-11D3-BF4B-00C04F79EFBC}") = "Assembly-CSharp-firstpass", "Assembly-CSharp-firstpass.csproj", "{69c04d46-7746-99cd-7ef2-5e6b617d972e}"
EndProject
Global
	GlobalSection(SolutionConfigurationPlatforms) = preSolution
		Debug|Any CPU = Debug|Any CPU
	EndGlobalSection
	GlobalSection(ProjectConfigurationPlatforms) = postSolution
		{55296255-4210-65fc-54d8-fbd2f50a9325}.Debug|Any CPU.ActiveCfg = Debug|Any CPU
		{55296255-4210-65fc-54d8-fbd2f50a9325}.Debug|Any CPU.Build.0 = Debug|Any CPU
		{009ee247-ba95-94a1-dc09-ac5881afa457}.Debug|Any CPU.ActiveCfg = Debug|Any CPU
		{009ee247-ba95-94a1-dc09-ac5881afa457}.Debug|Any CPU.Build.0 = Debug|Any CPU
		{55007b17-cdfd-dda5-37cf-eb087300e1fa}.Debug|Any CPU.ActiveCfg = Debug|Any CPU
		{55007b17-cdfd-dda5-37cf-eb087300e1fa}.Debug|Any CPU.Build.0 = Debug|Any CPU
		{69c04d46-7746-99cd-7ef2-5e6b617d972e}.Debug|Any CPU.ActiveCfg = Debug|Any CPU
		{69c04d46-7746-99cd-7ef2-5e6b617d972e}.Debug|Any CPU.Build.0 = Debug|Any CPU
	EndGlobalSection
	GlobalSection(SolutionProperties) = preSolution
		HideSolutionNode = FALSE
	EndGlobalSection
EndGlobal
